{
  "name": "cognito-next-storage",
  "version": "0.0.0",
  "lockfileVersion": 1,
  "requires": true,
  "dependencies": {
    "cookie": {
      "version": "0.4.0",
      "resolved": "https://registry.npmjs.org/cookie/-/cookie-0.4.0.tgz",
      "integrity": "sha512-+Hp8fLp57wnUSt0tY0tHEXh4voZRDnoIrZPqlo3DPiI4y9lwg/jqx+1Om94/W6ZaPDOUbnjOt/99w66zk+l1Xg=="
    },
    "jsmin": {
      "version": "1.0.1",
      "resolved": "https://registry.npmjs.org/jsmin/-/jsmin-1.0.1.tgz",
      "integrity": "sha1-570NzWSWw79IYyNb9GGj2YqjuYw="
    },
    "nookies": {
      "version": "2.0.8",
      "resolved": "https://registry.npmjs.org/nookies/-/nookies-2.0.8.tgz",
      "integrity": "sha512-aSJqgRxcEf4BjLjsKP/Ypc9bo0VO1mHrJp+2+1tnQUVHszcM27Ysfh0Go8thUf5eArW4lA5wfnXaEDRg+zc2wA==",
      "requires": {
        "cookie": "^0.4.0",
        "jsmin": "^1.0.1",
        "set-cookie-parser": "^2.2.1"
      }
    },
    "set-cookie-parser": {
      "version": "2.4.1",
      "resolved": "https://registry.npmjs.org/set-cookie-parser/-/set-cookie-parser-2.4.1.tgz",
      "integrity": "sha512-bUcyZhIOLvjvdO7UT5MyNd6AAci4ssZy/8Da1etJVI/2n3vgpxfJ/ntYA0bN+8qg9HZB7xR9/g+fcDbGkk/gQg=="
    }
  }
}
