{
  "name": "amplify-auth-next-storage",
  "version": "1.0.0",
  "lockfileVersion": 1,
  "requires": true,
  "dependencies": {
    "@types/estree": {
      "version": "0.0.42",
      "resolved": "https://registry.npmjs.org/@types/estree/-/estree-0.0.42.tgz",
      "integrity": "sha512-K1DPVvnBCPxzD+G51/cxVIoc2X8uUVl1zpJeE6iKcgHMj4+tbat5Xu4TjV7v2QSDbIeAfLi2hIk+u2+s0MlpUQ==",
      "dev": true
    },
    "@types/node": {
      "version": "13.5.0",
      "resolved": "https://registry.npmjs.org/@types/node/-/node-13.5.0.tgz",
      "integrity": "sha512-Onhn+z72D2O2Pb2ql2xukJ55rglumsVo1H6Fmyi8mlU9SvKdBk/pUSUAiBY/d9bAOF7VVWajX3sths/+g6ZiAQ==",
      "dev": true
    },
    "acorn": {
      "version": "7.1.0",
      "resolved": "https://registry.npmjs.org/acorn/-/acorn-7.1.0.tgz",
      "integrity": "sha512-kL5CuoXA/dgxlBbVrflsflzQ3PAas7RYZB52NOm/6839iVYJgKMJ3cQJD+t2i5+qFa8h3MDpEOJiS64E8JLnSQ==",
      "dev": true
    },
    "cookie": {
      "version": "0.4.0",
      "resolved": "https://registry.npmjs.org/cookie/-/cookie-0.4.0.tgz",
      "integrity": "sha512-+Hp8fLp57wnUSt0tY0tHEXh4voZRDnoIrZPqlo3DPiI4y9lwg/jqx+1Om94/W6ZaPDOUbnjOt/99w66zk+l1Xg=="
    },
    "jsmin": {
      "version": "1.0.1",
      "resolved": "https://registry.npmjs.org/jsmin/-/jsmin-1.0.1.tgz",
      "integrity": "sha1-570NzWSWw79IYyNb9GGj2YqjuYw="
    },
    "nookies": {
      "version": "2.0.8",
      "resolved": "https://registry.npmjs.org/nookies/-/nookies-2.0.8.tgz",
      "integrity": "sha512-aSJqgRxcEf4BjLjsKP/Ypc9bo0VO1mHrJp+2+1tnQUVHszcM27Ysfh0Go8thUf5eArW4lA5wfnXaEDRg+zc2wA==",
      "requires": {
        "cookie": "^0.4.0",
        "jsmin": "^1.0.1",
        "set-cookie-parser": "^2.2.1"
      }
    },
    "rollup": {
      "version": "1.29.1",
      "resolved": "https://registry.npmjs.org/rollup/-/rollup-1.29.1.tgz",
      "integrity": "sha512-dGQ+b9d1FOX/gluiggTAVnTvzQZUEkCi/TwZcax7ujugVRHs0nkYJlV9U4hsifGEMojnO+jvEML2CJQ6qXgbHA==",
      "dev": true,
      "requires": {
        "@types/estree": "*",
        "@types/node": "*",
        "acorn": "^7.1.0"
      }
    },
    "set-cookie-parser": {
      "version": "2.4.1",
      "resolved": "https://registry.npmjs.org/set-cookie-parser/-/set-cookie-parser-2.4.1.tgz",
      "integrity": "sha512-bUcyZhIOLvjvdO7UT5MyNd6AAci4ssZy/8Da1etJVI/2n3vgpxfJ/ntYA0bN+8qg9HZB7xR9/g+fcDbGkk/gQg=="
    }
  }
}
